PODS:
  - FBSnapshotTestCase (2.1.4):
    - FBSnapshotTestCase/SwiftSupport (= 2.1.4)
  - FBSnapshotTestCase/Core (2.1.4)
  - FBSnapshotTestCase/SwiftSupport (2.1.4):
    - FBSnapshotTestCase/Core
  - NHT_Loading (0.1.0)

DEPENDENCIES:
  - FBSnapshotTestCase
  - NHT_Loading (from `../`)

SPEC REPOS:
  trunk:
    - FBSnapshotTestCase

EXTERNAL SOURCES:
  NHT_Loading:
    :path: "../"

SPEC CHECKSUMS:
  FBSnapshotTestCase: 094f9f314decbabe373b87cc339bea235a63e07a
  NHT_Loading: de90b2c08294cd3afafe3fc12c151460093295a3

PODFILE CHECKSUM: 88d39c6460a5e077908cd5318bcb941a954b04a3

COCOAPODS: 1.12.0
